
Microsoft Visual Studio Solution File, Format Version 12.00
# Visual Studio 15
VisualStudioVersion = 15.0.28307.757
MinimumVisualStudioVersion = 10.0.40219.1
Project("{9A19103F-16F7-4668-BE54-9A1E7A4F7556}") = "dxSampleAngularReportingPrintWithoutPreview", "Reporting-Angular-Print-Without-Preview\dxSampleAngularReportingPrintWithoutPreview.csproj", "{F498E3B2-229D-4631-B146-83A898DB3563}"
EndProject
Global
	GlobalSection(SolutionConfigurationPlatforms) = preSolution
		Debug|Any CPU = Debug|Any CPU
		Release|Any CPU = Release|Any CPU
	EndGlobalSection
	GlobalSection(ProjectConfigurationPlatforms) = postSolution
		{F498E3B2-229D-4631-B146-83A898DB3563}.Debug|Any CPU.ActiveCfg = Debug|Any CPU
		{F498E3B2-229D-4631-B146-83A898DB3563}.Debug|Any CPU.Build.0 = Debug|Any CPU
		{F498E3B2-229D-4631-B146-83A898DB3563}.Release|Any CPU.ActiveCfg = Release|Any CPU
		{F498E3B2-229D-4631-B146-83A898DB3563}.Release|Any CPU.Build.0 = Release|Any CPU
		EndGlobalSection
	GlobalSection(SolutionProperties) = preSolution
		HideSolutionNode = FALSE
	EndGlobalSection
	GlobalSection(ExtensibilityGlobals) = postSolution
		SolutionGuid = {97A62981-2B44-44C7-B2C2-FD56A6A379E0}
	EndGlobalSection
EndGlobal
