
Microsoft Visual Studio Solution File, Format Version 12.00
# Visual Studio 15
VisualStudioVersion = 15.0.28307.757
MinimumVisualStudioVersion = 10.0.40219.1
Project("{9A19103F-16F7-4668-BE54-9A1E7A4F7556}") = "dxSampleAngularReportingPrintWithoutPreview", "dxSampleAngularReportingPrintWithoutPreview.csproj", "{BFF010F8-27E8-44F2-91E1-63A8187B09F7}"
EndProject
Global
	GlobalSection(SolutionConfigurationPlatforms) = preSolution
		Debug|Any CPU = Debug|Any CPU
		Release|Any CPU = Release|Any CPU
	EndGlobalSection
	GlobalSection(ProjectConfigurationPlatforms) = postSolution
		{BFF010F8-27E8-44F2-91E1-63A8187B09F7}.Debug|Any CPU.ActiveCfg = Debug|Any CPU
		{BFF010F8-27E8-44F2-91E1-63A8187B09F7}.Debug|Any CPU.Build.0 = Debug|Any CPU
		{BFF010F8-27E8-44F2-91E1-63A8187B09F7}.Release|Any CPU.ActiveCfg = Release|Any CPU
		{BFF010F8-27E8-44F2-91E1-63A8187B09F7}.Release|Any CPU.Build.0 = Release|Any CPU
		EndGlobalSection
	GlobalSection(SolutionProperties) = preSolution
		HideSolutionNode = FALSE
	EndGlobalSection
	GlobalSection(ExtensibilityGlobals) = postSolution
		SolutionGuid = {37B84296-75BA-4898-8608-F7ACF08B20DB}
	EndGlobalSection
EndGlobal
