
Microsoft Visual Studio Solution File, Format Version 12.00
# Visual Studio Version 17
VisualStudioVersion = 17.8.34330.188
MinimumVisualStudioVersion = 10.0.40219.1
Project("{FAE04EC0-301F-11D3-BF4B-00C04F79EFBC}") = "ReportingWebApp", "ReportingWebApp\ReportingWebApp.csproj", "{DCB9886B-6169-46F3-B45A-78ABFF5A16F6}"
EndProject
Global
	GlobalSection(SolutionConfigurationPlatforms) = preSolution
		Debug|Any CPU = Debug|Any CPU
		Release|Any CPU = Release|Any CPU
	EndGlobalSection
	GlobalSection(ProjectConfigurationPlatforms) = postSolution
		{DCB9886B-6169-46F3-B45A-78ABFF5A16F6}.Debug|Any CPU.ActiveCfg = Debug|Any CPU
		{DCB9886B-6169-46F3-B45A-78ABFF5A16F6}.Debug|Any CPU.Build.0 = Debug|Any CPU
		{DCB9886B-6169-46F3-B45A-78ABFF5A16F6}.Release|Any CPU.ActiveCfg = Release|Any CPU
		{DCB9886B-6169-46F3-B45A-78ABFF5A16F6}.Release|Any CPU.Build.0 = Release|Any CPU
	EndGlobalSection
	GlobalSection(SolutionProperties) = preSolution
		HideSolutionNode = FALSE
	EndGlobalSection
	GlobalSection(ExtensibilityGlobals) = postSolution
		SolutionGuid = {FFD15B21-686D-4855-BBBD-C0B1A0405D10}
	EndGlobalSection
EndGlobal
